// !$*UTF8*$!
{
	archiveVersion = 1;
	classes = {
	};
	objectVersion = 46;
	objects = {

/* Begin PBXBuildFile section */
		57A8E1C21D73E31C00BC86B1 /* AppDelegate.swift in Sources */ = {isa = PBXBuildFile; fileRef = 57A8E1C11D73E31C00BC86B1 /* AppDelegate.swift */; };
		57A8E1C41D73E31C00BC86B1 /* ViewController.swift in Sources */ = {isa = PBXBuildFile; fileRef = 57A8E1C31D73E31C00BC86B1 /* ViewController.swift */; };
		57A8E1C71D73E31C00BC86B1 /* Main.storyboard in Resources */ = {isa = PBXBuildFile; fileRef = 57A8E1C51D73E31C00BC86B1 /* Main.storyboard */; };
		57A8E1C91D73E31C00BC86B1 /* Assets.xcassets in Resources */ = {isa = PBXBuildFile; fileRef = 57A8E1C81D73E31C00BC86B1 /* Assets.xcassets */; };
		57A8E1CC1D73E31C00BC86B1 /* LaunchScreen.storyboard in Resources */ = {isa = PBXBuildFile; fileRef = 57A8E1CA1D73E31C00BC86B1 /* LaunchScreen.storyboard */; };
		57A8E1D71D73E31C00BC86B1 /* ProjectBaseSet_SwiftTests.swift in Sources */ = {isa = PBXBuildFile; fileRef = 57A8E1D61D73E31C00BC86B1 /* ProjectBaseSet_SwiftTests.swift */; };
		57A8E1E21D73E31C00BC86B1 /* ProjectBaseSet_SwiftUITests.swift in Sources */ = {isa = PBXBuildFile; fileRef = 57A8E1E11D73E31C00BC86B1 /* ProjectBaseSet_SwiftUITests.swift */; };
/* End PBXBuildFile section */

/* Begin PBXContainerItemProxy section */
		57A8E1D31D73E31C00BC86B1 /* PBXContainerItemProxy */ = {
			isa = PBXContainerItemProxy;
			containerPortal = 57A8E1B61D73E31C00BC86B1 /* Project object */;
			proxyType = 1;
			remoteGlobalIDString = 57A8E1BD1D73E31C00BC86B1;
			remoteInfo = "ProjectBaseSet-Swift";
		};
		57A8E1DE1D73E31C00BC86B1 /* PBXContainerItemProxy */ = {
			isa = PBXContainerItemProxy;
			containerPortal = 57A8E1B61D73E31C00BC86B1 /* Project object */;
			proxyType = 1;
			remoteGlobalIDString = 57A8E1BD1D73E31C00BC86B1;
			remoteInfo = "ProjectBaseSet-Swift";
		};
/* End PBXContainerItemProxy section */

/* Begin PBXFileReference section */
		57A8E1BE1D73E31C00BC86B1 /* ProjectBaseSet-Swift.app */ = {isa = PBXFileReference; explicitFileType = wrapper.application; includeInIndex = 0; path = "ProjectBaseSet-Swift.app"; sourceTree = BUILT_PRODUCTS_DIR; };
		57A8E1C11D73E31C00BC86B1 /* AppDelegate.swift */ = {isa = PBXFileReference; lastKnownFileType = sourcecode.swift; path = AppDelegate.swift; sourceTree = "<group>"; };
		57A8E1C31D73E31C00BC86B1 /* ViewController.swift */ = {isa = PBXFileReference; lastKnownFileType = sourcecode.swift; path = ViewController.swift; sourceTree = "<group>"; };
		57A8E1C61D73E31C00BC86B1 /* Base */ = {isa = PBXFileReference; lastKnownFileType = file.storyboard; name = Base; path = Base.lproj/Main.storyboard; sourceTree = "<group>"; };
		57A8E1C81D73E31C00BC86B1 /* Assets.xcassets */ = {isa = PBXFileReference; lastKnownFileType = folder.assetcatalog; path = Assets.xcassets; sourceTree = "<group>"; };
		57A8E1CB1D73E31C00BC86B1 /* Base */ = {isa = PBXFileReference; lastKnownFileType = file.storyboard; name = Base; path = Base.lproj/LaunchScreen.storyboard; sourceTree = "<group>"; };
		57A8E1CD1D73E31C00BC86B1 /* Info.plist */ = {isa = PBXFileReference; lastKnownFileType = text.plist.xml; path = Info.plist; sourceTree = "<group>"; };
		57A8E1D21D73E31C00BC86B1 /* ProjectBaseSet-SwiftTests.xctest */ = {isa = PBXFileReference; explicitFileType = wrapper.cfbundle; includeInIndex = 0; path = "ProjectBaseSet-SwiftTests.xctest"; sourceTree = BUILT_PRODUCTS_DIR; };
		57A8E1D61D73E31C00BC86B1 /* ProjectBaseSet_SwiftTests.swift */ = {isa = PBXFileReference; lastKnownFileType = sourcecode.swift; path = ProjectBaseSet_SwiftTests.swift; sourceTree = "<group>"; };
		57A8E1D81D73E31C00BC86B1 /* Info.plist */ = {isa = PBXFileReference; lastKnownFileType = text.plist.xml; path = Info.plist; sourceTree = "<group>"; };
		57A8E1DD1D73E31C00BC86B1 /* ProjectBaseSet-SwiftUITests.xctest */ = {isa = PBXFileReference; explicitFileType = wrapper.cfbundle; includeInIndex = 0; path = "ProjectBaseSet-SwiftUITests.xctest"; sourceTree = BUILT_PRODUCTS_DIR; };
		57A8E1E11D73E31C00BC86B1 /* ProjectBaseSet_SwiftUITests.swift */ = {isa = PBXFileReference; lastKnownFileType = sourcecode.swift; path = ProjectBaseSet_SwiftUITests.swift; sourceTree = "<group>"; };
		57A8E1E31D73E31C00BC86B1 /* Info.plist */ = {isa = PBXFileReference; lastKnownFileType = text.plist.xml; path = Info.plist; sourceTree = "<group>"; };
/* End PBXFileReference section */

/* Begin PBXFrameworksBuildPhase section */
		57A8E1BB1D73E31C00BC86B1 /* Frameworks */ = {
			isa = PBXFrameworksBuildPhase;
			buildActionMask = 2147483647;
			files = (
			);
			runOnlyForDeploymentPostprocessing = 0;
		};
		57A8E1CF1D73E31C00BC86B1 /* Frameworks */ = {
			isa = PBXFrameworksBuildPhase;
			buildActionMask = 2147483647;
			files = (
			);
			runOnlyForDeploymentPostprocessing = 0;
		};
		57A8E1DA1D73E31C00BC86B1 /* Frameworks */ = {
			isa = PBXFrameworksBuildPhase;
			buildActionMask = 2147483647;
			files = (
			);
			runOnlyForDeploymentPostprocessing = 0;
		};
/* End PBXFrameworksBuildPhase section */

/* Begin PBXGroup section */
		57A8E1B51D73E31C00BC86B1 = {
			isa = PBXGroup;
			children = (
				57A8E1C01D73E31C00BC86B1 /* ProjectBaseSet-Swift */,
				57A8E1D51D73E31C00BC86B1 /* ProjectBaseSet-SwiftTests */,
				57A8E1E01D73E31C00BC86B1 /* ProjectBaseSet-SwiftUITests */,
				57A8E1BF1D73E31C00BC86B1 /* Products */,
			);
			sourceTree = "<group>";
		};
		57A8E1BF1D73E31C00BC86B1 /* Products */ = {
			isa = PBXGroup;
			children = (
				57A8E1BE1D73E31C00BC86B1 /* ProjectBaseSet-Swift.app */,
				57A8E1D21D73E31C00BC86B1 /* ProjectBaseSet-SwiftTests.xctest */,
				57A8E1DD1D73E31C00BC86B1 /* ProjectBaseSet-SwiftUITests.xctest */,
			);
			name = Products;
			sourceTree = "<group>";
		};
		57A8E1C01D73E31C00BC86B1 /* ProjectBaseSet-Swift */ = {
			isa = PBXGroup;
			children = (
				57A8E1C11D73E31C00BC86B1 /* AppDelegate.swift */,
				57A8E1C31D73E31C00BC86B1 /* ViewController.swift */,
				57A8E1C51D73E31C00BC86B1 /* Main.storyboard */,
				57A8E1C81D73E31C00BC86B1 /* Assets.xcassets */,
				57A8E1CA1D73E31C00BC86B1 /* LaunchScreen.storyboard */,
				57A8E1CD1D73E31C00BC86B1 /* Info.plist */,
			);
			path = "ProjectBaseSet-Swift";
			sourceTree = "<group>";
		};
		57A8E1D51D73E31C00BC86B1 /* ProjectBaseSet-SwiftTests */ = {
			isa = PBXGroup;
			children = (
				57A8E1D61D73E31C00BC86B1 /* ProjectBaseSet_SwiftTests.swift */,
				57A8E1D81D73E31C00BC86B1 /* Info.plist */,
			);
			path = "ProjectBaseSet-SwiftTests";
			sourceTree = "<group>";
		};
		57A8E1E01D73E31C00BC86B1 /* ProjectBaseSet-SwiftUITests */ = {
			isa = PBXGroup;
			children = (
				57A8E1E11D73E31C00BC86B1 /* ProjectBaseSet_SwiftUITests.swift */,
				57A8E1E31D73E31C00BC86B1 /* Info.plist */,
			);
			path = "ProjectBaseSet-SwiftUITests";
			sourceTree = "<group>";
		};
/* End PBXGroup section */

/* Begin PBXNativeTarget section */
		57A8E1BD1D73E31C00BC86B1 /* ProjectBaseSet-Swift */ = {
			isa = PBXNativeTarget;
			buildConfigurationList = 57A8E1E61D73E31C00BC86B1 /* Build configuration list for PBXNativeTarget "ProjectBaseSet-Swift" */;
			buildPhases = (
				57A8E1BA1D73E31C00BC86B1 /* Sources */,
				57A8E1BB1D73E31C00BC86B1 /* Frameworks */,
				57A8E1BC1D73E31C00BC86B1 /* Resources */,
			);
			buildRules = (
			);
			dependencies = (
			);
			name = "ProjectBaseSet-Swift";
			productName = "ProjectBaseSet-Swift";
			productReference = 57A8E1BE1D73E31C00BC86B1 /* ProjectBaseSet-Swift.app */;
			productType = "com.apple.product-type.application";
		};
		57A8E1D11D73E31C00BC86B1 /* ProjectBaseSet-SwiftTests */ = {
			isa = PBXNativeTarget;
			buildConfigurationList = 57A8E1E91D73E31C00BC86B1 /* Build configuration list for PBXNativeTarget "ProjectBaseSet-SwiftTests" */;
			buildPhases = (
				57A8E1CE1D73E31C00BC86B1 /* Sources */,
				57A8E1CF1D73E31C00BC86B1 /* Frameworks */,
				57A8E1D01D73E31C00BC86B1 /* Resources */,
			);
			buildRules = (
			);
			dependencies = (
				57A8E1D41D73E31C00BC86B1 /* PBXTargetDependency */,
			);
			name = "ProjectBaseSet-SwiftTests";
			productName = "ProjectBaseSet-SwiftTests";
			productReference = 57A8E1D21D73E31C00BC86B1 /* ProjectBaseSet-SwiftTests.xctest */;
			productType = "com.apple.product-type.bundle.unit-test";
		};
		57A8E1DC1D73E31C00BC86B1 /* ProjectBaseSet-SwiftUITests */ = {
			isa = PBXNativeTarget;
			buildConfigurationList = 57A8E1EC1D73E31C00BC86B1 /* Build configuration list for PBXNativeTarget "ProjectBaseSet-SwiftUITests" */;
			buildPhases = (
				57A8E1D91D73E31C00BC86B1 /* Sources */,
				57A8E1DA1D73E31C00BC86B1 /* Frameworks */,
				57A8E1DB1D73E31C00BC86B1 /* Resources */,
			);
			buildRules = (
			);
			dependencies = (
				57A8E1DF1D73E31C00BC86B1 /* PBXTargetDependency */,
			);
			name = "ProjectBaseSet-SwiftUITests";
			productName = "ProjectBaseSet-SwiftUITests";
			productReference = 57A8E1DD1D73E31C00BC86B1 /* ProjectBaseSet-SwiftUITests.xctest */;
			productType = "com.apple.product-type.bundle.ui-testing";
		};
/* End PBXNativeTarget section */

/* Begin PBXProject section */
		57A8E1B61D73E31C00BC86B1 /* Project object */ = {
			isa = PBXProject;
			attributes = {
				LastSwiftUpdateCheck = 0730;
				LastUpgradeCheck = 0730;
				ORGANIZATIONNAME = wsl;
				TargetAttributes = {
					57A8E1BD1D73E31C00BC86B1 = {
						CreatedOnToolsVersion = 7.3.1;
					};
					57A8E1D11D73E31C00BC86B1 = {
						CreatedOnToolsVersion = 7.3.1;
						TestTargetID = 57A8E1BD1D73E31C00BC86B1;
					};
					57A8E1DC1D73E31C00BC86B1 = {
						CreatedOnToolsVersion = 7.3.1;
						TestTargetID = 57A8E1BD1D73E31C00BC86B1;
					};
				};
			};
			buildConfigurationList = 57A8E1B91D73E31C00BC86B1 /* Build configuration list for PBXProject "ProjectBaseSet-Swift" */;
			compatibilityVersion = "Xcode 3.2";
			developmentRegion = English;
			hasScannedForEncodings = 0;
			knownRegions = (
				en,
				Base,
			);
			mainGroup = 57A8E1B51D73E31C00BC86B1;
			productRefGroup = 57A8E1BF1D73E31C00BC86B1 /* Products */;
			projectDirPath = "";
			projectRoot = "";
			targets = (
				57A8E1BD1D73E31C00BC86B1 /* ProjectBaseSet-Swift */,
				57A8E1D11D73E31C00BC86B1 /* ProjectBaseSet-SwiftTests */,
				57A8E1DC1D73E31C00BC86B1 /* ProjectBaseSet-SwiftUITests */,
			);
		};
/* End PBXProject section */

/* Begin PBXResourcesBuildPhase section */
		57A8E1BC1D73E31C00BC86B1 /* Resources */ = {
			isa = PBXResourcesBuildPhase;
			buildActionMask = 2147483647;
			files = (
				57A8E1CC1D73E31C00BC86B1 /* LaunchScreen.storyboard in Resources */,
				57A8E1C91D73E31C00BC86B1 /* Assets.xcassets in Resources */,
				57A8E1C71D73E31C00BC86B1 /* Main.storyboard in Resources */,
			);
			runOnlyForDeploymentPostprocessing = 0;
		};
		57A8E1D01D73E31C00BC86B1 /* Resources */ = {
			isa = PBXResourcesBuildPhase;
			buildActionMask = 2147483647;
			files = (
			);
			runOnlyForDeploymentPostprocessing = 0;
		};
		57A8E1DB1D73E31C00BC86B1 /* Resources */ = {
			isa = PBXResourcesBuildPhase;
			buildActionMask = 2147483647;
			files = (
			);
			runOnlyForDeploymentPostprocessing = 0;
		};
/* End PBXResourcesBuildPhase section */

/* Begin PBXSourcesBuildPhase section */
		57A8E1BA1D73E31C00BC86B1 /* Sources */ = {
			isa = PBXSourcesBuildPhase;
			buildActionMask = 2147483647;
			files = (
				57A8E1C41D73E31C00BC86B1 /* ViewController.swift in Sources */,
				57A8E1C21D73E31C00BC86B1 /* AppDelegate.swift in Sources */,
			);
			runOnlyForDeploymentPostprocessing = 0;
		};
		57A8E1CE1D73E31C00BC86B1 /* Sources */ = {
			isa = PBXSourcesBuildPhase;
			buildActionMask = 2147483647;
			files = (
				57A8E1D71D73E31C00BC86B1 /* ProjectBaseSet_SwiftTests.swift in Sources */,
			);
			runOnlyForDeploymentPostprocessing = 0;
		};
		57A8E1D91D73E31C00BC86B1 /* Sources */ = {
			isa = PBXSourcesBuildPhase;
			buildActionMask = 2147483647;
			files = (
				57A8E1E21D73E31C00BC86B1 /* ProjectBaseSet_SwiftUITests.swift in Sources */,
			);
			runOnlyForDeploymentPostprocessing = 0;
		};
/* End PBXSourcesBuildPhase section */

/* Begin PBXTargetDependency section */
		57A8E1D41D73E31C00BC86B1 /* PBXTargetDependency */ = {
			isa = PBXTargetDependency;
			target = 57A8E1BD1D73E31C00BC86B1 /* ProjectBaseSet-Swift */;
			targetProxy = 57A8E1D31D73E31C00BC86B1 /* PBXContainerItemProxy */;
		};
		57A8E1DF1D73E31C00BC86B1 /* PBXTargetDependency */ = {
			isa = PBXTargetDependency;
			target = 57A8E1BD1D73E31C00BC86B1 /* ProjectBaseSet-Swift */;
			targetProxy = 57A8E1DE1D73E31C00BC86B1 /* PBXContainerItemProxy */;
		};
/* End PBXTargetDependency section */

/* Begin PBXVariantGroup section */
		57A8E1C51D73E31C00BC86B1 /* Main.storyboard */ = {
			isa = PBXVariantGroup;
			children = (
				57A8E1C61D73E31C00BC86B1 /* Base */,
			);
			name = Main.storyboard;
			sourceTree = "<group>";
		};
		57A8E1CA1D73E31C00BC86B1 /* LaunchScreen.storyboard */ = {
			isa = PBXVariantGroup;
			children = (
				57A8E1CB1D73E31C00BC86B1 /* Base */,
			);
			name = LaunchScreen.storyboard;
			sourceTree = "<group>";
		};
/* End PBXVariantGroup section */

/* Begin XCBuildConfiguration section */
		57A8E1E41D73E31C00BC86B1 /* Debug */ = {
			isa = XCBuildConfiguration;
			buildSettings = {
				ALWAYS_SEARCH_USER_PATHS = NO;
				CLANG_ANALYZER_NONNULL = YES;
				CLANG_CXX_LANGUAGE_STANDARD = "gnu++0x";
				CLANG_CXX_LIBRARY = "libc++";
				CLANG_ENABLE_MODULES = YES;
				CLANG_ENABLE_OBJC_ARC = YES;
				CLANG_WARN_BOOL_CONVERSION = YES;
				CLANG_WARN_CONSTANT_CONVERSION = YES;
				CLANG_WARN_DIRECT_OBJC_ISA_USAGE = YES_ERROR;
				CLANG_WARN_EMPTY_BODY = YES;
				CLANG_WARN_ENUM_CONVERSION = YES;
				CLANG_WARN_INT_CONVERSION = YES;
				CLANG_WARN_OBJC_ROOT_CLASS = YES_ERROR;
				CLANG_WARN_UNREACHABLE_CODE = YES;
				CLANG_WARN__DUPLICATE_METHOD_MATCH = YES;
				"CODE_SIGN_IDENTITY[sdk=iphoneos*]" = "iPhone Developer";
				COPY_PHASE_STRIP = NO;
				DEBUG_INFORMATION_FORMAT = dwarf;
				ENABLE_STRICT_OBJC_MSGSEND = YES;
				ENABLE_TESTABILITY = YES;
				GCC_C_LANGUAGE_STANDARD = gnu99;
				GCC_DYNAMIC_NO_PIC = NO;
				GCC_NO_COMMON_BLOCKS = YES;
				GCC_OPTIMIZATION_LEVEL = 0;
				GCC_PREPROCESSOR_DEFINITIONS = (
					"DEBUG=1",
					"$(inherited)",
				);
				GCC_WARN_64_TO_32_BIT_CONVERSION = YES;
				GCC_WARN_ABOUT_RETURN_TYPE = YES_ERROR;
				GCC_WARN_UNDECLARED_SELECTOR = YES;
				GCC_WARN_UNINITIALIZED_AUTOS = YES_AGGRESSIVE;
				GCC_WARN_UNUSED_FUNCTION = YES;
				GCC_WARN_UNUSED_VARIABLE = YES;
				IPHONEOS_DEPLOYMENT_TARGET = 9.3;
				MTL_ENABLE_DEBUG_INFO = YES;
				ONLY_ACTIVE_ARCH = YES;
				SDKROOT = iphoneos;
				SWIFT_OPTIMIZATION_LEVEL = "-Onone";
			};
			name = Debug;
		};
		57A8E1E51D73E31C00BC86B1 /* Release */ = {
			isa = XCBuildConfiguration;
			buildSettings = {
				ALWAYS_SEARCH_USER_PATHS = NO;
				CLANG_ANALYZER_NONNULL = YES;
				CLANG_CXX_LANGUAGE_STANDARD = "gnu++0x";
				CLANG_CXX_LIBRARY = "libc++";
				CLANG_ENABLE_MODULES = YES;
				CLANG_ENABLE_OBJC_ARC = YES;
				CLANG_WARN_BOOL_CONVERSION = YES;
				CLANG_WARN_CONSTANT_CONVERSION = YES;
				CLANG_WARN_DIRECT_OBJC_ISA_USAGE = YES_ERROR;
				CLANG_WARN_EMPTY_BODY = YES;
				CLANG_WARN_ENUM_CONVERSION = YES;
				CLANG_WARN_INT_CONVERSION = YES;
				CLANG_WARN_OBJC_ROOT_CLASS = YES_ERROR;
				CLANG_WARN_UNREACHABLE_CODE = YES;
				CLANG_WARN__DUPLICATE_METHOD_MATCH = YES;
				"CODE_SIGN_IDENTITY[sdk=iphoneos*]" = "iPhone Developer";
				COPY_PHASE_STRIP = NO;
				DEBUG_INFORMATION_FORMAT = "dwarf-with-dsym";
				ENABLE_NS_ASSERTIONS = NO;
				ENABLE_STRICT_OBJC_MSGSEND = YES;
				GCC_C_LANGUAGE_STANDARD = gnu99;
				GCC_NO_COMMON_BLOCKS = YES;
				GCC_WARN_64_TO_32_BIT_CONVERSION = YES;
				GCC_WARN_ABOUT_RETURN_TYPE = YES_ERROR;
				GCC_WARN_UNDECLARED_SELECTOR = YES;
				GCC_WARN_UNINITIALIZED_AUTOS = YES_AGGRESSIVE;
				GCC_WARN_UNUSED_FUNCTION = YES;
				GCC_WARN_UNUSED_VARIABLE = YES;
				IPHONEOS_DEPLOYMENT_TARGET = 9.3;
				MTL_ENABLE_DEBUG_INFO = NO;
				SDKROOT = iphoneos;
				VALIDATE_PRODUCT = YES;
			};
			name = Release;
		};
		57A8E1E71D73E31C00BC86B1 /* Debug */ = {
			isa = XCBuildConfiguration;
			buildSettings = {
				ASSETCATALOG_COMPILER_APPICON_NAME = AppIcon;
				INFOPLIST_FILE = "ProjectBaseSet-Swift/Info.plist";
				LD_RUNPATH_SEARCH_PATHS = "$(inherited) @executable_path/Frameworks";
				PRODUCT_BUNDLE_IDENTIFIER = "com.wsl.ProjectBaseSet-Swift";
				PRODUCT_NAME = "$(TARGET_NAME)";
			};
			name = Debug;
		};
		57A8E1E81D73E31C00BC86B1 /* Release */ = {
			isa = XCBuildConfiguration;
			buildSettings = {
				ASSETCATALOG_COMPILER_APPICON_NAME = AppIcon;
				INFOPLIST_FILE = "ProjectBaseSet-Swift/Info.plist";
				LD_RUNPATH_SEARCH_PATHS = "$(inherited) @executable_path/Frameworks";
				PRODUCT_BUNDLE_IDENTIFIER = "com.wsl.ProjectBaseSet-Swift";
				PRODUCT_NAME = "$(TARGET_NAME)";
			};
			name = Release;
		};
		57A8E1EA1D73E31C00BC86B1 /* Debug */ = {
			isa = XCBuildConfiguration;
			buildSettings = {
				BUNDLE_LOADER = "$(TEST_HOST)";
				INFOPLIST_FILE = "ProjectBaseSet-SwiftTests/Info.plist";
				LD_RUNPATH_SEARCH_PATHS = "$(inherited) @executable_path/Frameworks @loader_path/Frameworks";
				PRODUCT_BUNDLE_IDENTIFIER = "com.wsl.ProjectBaseSet-SwiftTests";
				PRODUCT_NAME = "$(TARGET_NAME)";
				TEST_HOST = "$(BUILT_PRODUCTS_DIR)/ProjectBaseSet-Swift.app/ProjectBaseSet-Swift";
			};
			name = Debug;
		};
		57A8E1EB1D73E31C00BC86B1 /* Release */ = {
			isa = XCBuildConfiguration;
			buildSettings = {
				BUNDLE_LOADER = "$(TEST_HOST)";
				INFOPLIST_FILE = "ProjectBaseSet-SwiftTests/Info.plist";
				LD_RUNPATH_SEARCH_PATHS = "$(inherited) @executable_path/Frameworks @loader_path/Frameworks";
				PRODUCT_BUNDLE_IDENTIFIER = "com.wsl.ProjectBaseSet-SwiftTests";
				PRODUCT_NAME = "$(TARGET_NAME)";
				TEST_HOST = "$(BUILT_PRODUCTS_DIR)/ProjectBaseSet-Swift.app/ProjectBaseSet-Swift";
			};
			name = Release;
		};
		57A8E1ED1D73E31C00BC86B1 /* Debug */ = {
			isa = XCBuildConfiguration;
			buildSettings = {
				INFOPLIST_FILE = "ProjectBaseSet-SwiftUITests/Info.plist";
				LD_RUNPATH_SEARCH_PATHS = "$(inherited) @executable_path/Frameworks @loader_path/Frameworks";
				PRODUCT_BUNDLE_IDENTIFIER = "com.wsl.ProjectBaseSet-SwiftUITests";
				PRODUCT_NAME = "$(TARGET_NAME)";
				TEST_TARGET_NAME = "ProjectBaseSet-Swift";
			};
			name = Debug;
		};
		57A8E1EE1D73E31C00BC86B1 /* Release */ = {
			isa = XCBuildConfiguration;
			buildSettings = {
				INFOPLIST_FILE = "ProjectBaseSet-SwiftUITests/Info.plist";
				LD_RUNPATH_SEARCH_PATHS = "$(inherited) @executable_path/Frameworks @loader_path/Frameworks";
				PRODUCT_BUNDLE_IDENTIFIER = "com.wsl.ProjectBaseSet-SwiftUITests";
				PRODUCT_NAME = "$(TARGET_NAME)";
				TEST_TARGET_NAME = "ProjectBaseSet-Swift";
			};
			name = Release;
		};
/* End XCBuildConfiguration section */

/* Begin XCConfigurationList section */
		57A8E1B91D73E31C00BC86B1 /* Build configuration list for PBXProject "ProjectBaseSet-Swift" */ = {
			isa = XCConfigurationList;
			buildConfigurations = (
				57A8E1E41D73E31C00BC86B1 /* Debug */,
				57A8E1E51D73E31C00BC86B1 /* Release */,
			);
			defaultConfigurationIsVisible = 0;
			defaultConfigurationName = Release;
		};
		57A8E1E61D73E31C00BC86B1 /* Build configuration list for PBXNativeTarget "ProjectBaseSet-Swift" */ = {
			isa = XCConfigurationList;
			buildConfigurations = (
				57A8E1E71D73E31C00BC86B1 /* Debug */,
				57A8E1E81D73E31C00BC86B1 /* Release */,
			);
			defaultConfigurationIsVisible = 0;
		};
		57A8E1E91D73E31C00BC86B1 /* Build configuration list for PBXNativeTarget "ProjectBaseSet-SwiftTests" */ = {
			isa = XCConfigurationList;
			buildConfigurations = (
				57A8E1EA1D73E31C00BC86B1 /* Debug */,
				57A8E1EB1D73E31C00BC86B1 /* Release */,
			);
			defaultConfigurationIsVisible = 0;
		};
		57A8E1EC1D73E31C00BC86B1 /* Build configuration list for PBXNativeTarget "ProjectBaseSet-SwiftUITests" */ = {
			isa = XCConfigurationList;
			buildConfigurations = (
				57A8E1ED1D73E31C00BC86B1 /* Debug */,
				57A8E1EE1D73E31C00BC86B1 /* Release */,
			);
			defaultConfigurationIsVisible = 0;
		};
/* End XCConfigurationList section */
	};
	rootObject = 57A8E1B61D73E31C00BC86B1 /* Project object */;
}
